
Microsoft Visual Studio Solution File, Format Version 12.00
# Visual Studio 14
VisualStudioVersion = 14.0.25123.0
MinimumVisualStudioVersion = 10.0.40219.1
Project("{FAE04EC0-301F-11D3-BF4B-00C04F79EFBC}") = "Web App Project", "Web App Project\Web App Project.csproj", "{CE775D3A-6701-43F5-80FF-E2A1B98AFE88}"
EndProject
Global
	GlobalSection(SolutionConfigurationPlatforms) = preSolution
		Debug|Any CPU = Debug|Any CPU
		Release|Any CPU = Release|Any CPU
	EndGlobalSection
	GlobalSection(ProjectConfigurationPlatforms) = postSolution
		{CE775D3A-6701-43F5-80FF-E2A1B98AFE88}.Debug|Any CPU.ActiveCfg = Debug|Any CPU
		{CE775D3A-6701-43F5-80FF-E2A1B98AFE88}.Debug|Any CPU.Build.0 = Debug|Any CPU
		{CE775D3A-6701-43F5-80FF-E2A1B98AFE88}.Release|Any CPU.ActiveCfg = Release|Any CPU
		{CE775D3A-6701-43F5-80FF-E2A1B98AFE88}.Release|Any CPU.Build.0 = Release|Any CPU
	EndGlobalSection
	GlobalSection(SolutionProperties) = preSolution
		HideSolutionNode = FALSE
	EndGlobalSection
EndGlobal
